
Microsoft Visual Studio Solution File, Format Version 12.00
# Visual Studio Version 17
VisualStudioVersion = 17.5.33530.505
MinimumVisualStudioVersion = 10.0.40219.1
Project("{9A19103F-16F7-4668-BE54-9A1E7A4F7556}") = "Arrays", "Arrays\Arrays.csproj", "{3C350E39-CD4C-4304-A264-9BD842F51CC1}"
EndProject
Project("{FAE04EC0-301F-11D3-BF4B-00C04F79EFBC}") = "TestProject1", "TestProject1\TestProject1.csproj", "{628EC880-0B18-4D46-9D09-524D23F3DE68}"
EndProject
Global
	GlobalSection(SolutionConfigurationPlatforms) = preSolution
		Debug|Any CPU = Debug|Any CPU
		Release|Any CPU = Release|Any CPU
	EndGlobalSection
	GlobalSection(ProjectConfigurationPlatforms) = postSolution
		{3C350E39-CD4C-4304-A264-9BD842F51CC1}.Debug|Any CPU.ActiveCfg = Debug|Any CPU
		{3C350E39-CD4C-4304-A264-9BD842F51CC1}.Debug|Any CPU.Build.0 = Debug|Any CPU
		{3C350E39-CD4C-4304-A264-9BD842F51CC1}.Release|Any CPU.ActiveCfg = Release|Any CPU
		{3C350E39-CD4C-4304-A264-9BD842F51CC1}.Release|Any CPU.Build.0 = Release|Any CPU
		{628EC880-0B18-4D46-9D09-524D23F3DE68}.Debug|Any CPU.ActiveCfg = Debug|Any CPU
		{628EC880-0B18-4D46-9D09-524D23F3DE68}.Debug|Any CPU.Build.0 = Debug|Any CPU
		{628EC880-0B18-4D46-9D09-524D23F3DE68}.Release|Any CPU.ActiveCfg = Release|Any CPU
		{628EC880-0B18-4D46-9D09-524D23F3DE68}.Release|Any CPU.Build.0 = Release|Any CPU
	EndGlobalSection
	GlobalSection(SolutionProperties) = preSolution
		HideSolutionNode = FALSE
	EndGlobalSection
	GlobalSection(ExtensibilityGlobals) = postSolution
		SolutionGuid = {BB8A6ECD-8D55-4BEA-B50E-E6A0E7946AEF}
	EndGlobalSection
EndGlobal
